
Microsoft Visual Studio Solution File, Format Version 12.00
# Visual Studio Version 17
VisualStudioVersion = 17.14.36401.2 d17.14
MinimumVisualStudioVersion = 10.0.40219.1
Project("{FAE04EC0-301F-11D3-BF4B-00C04F79EFBC}") = "ikt2", "ikt2\ikt2.csproj", "{59166C1F-6F87-4EC4-8B73-465EDFD3E2FB}"
EndProject
Global
	GlobalSection(SolutionConfigurationPlatforms) = preSolution
		Debug|Any CPU = Debug|Any CPU
		Release|Any CPU = Release|Any CPU
	EndGlobalSection
	GlobalSection(ProjectConfigurationPlatforms) = postSolution
		{59166C1F-6F87-4EC4-8B73-465EDFD3E2FB}.Debug|Any CPU.ActiveCfg = Debug|Any CPU
		{59166C1F-6F87-4EC4-8B73-465EDFD3E2FB}.Debug|Any CPU.Build.0 = Debug|Any CPU
		{59166C1F-6F87-4EC4-8B73-465EDFD3E2FB}.Release|Any CPU.ActiveCfg = Release|Any CPU
		{59166C1F-6F87-4EC4-8B73-465EDFD3E2FB}.Release|Any CPU.Build.0 = Release|Any CPU
	EndGlobalSection
	GlobalSection(SolutionProperties) = preSolution
		HideSolutionNode = FALSE
	EndGlobalSection
	GlobalSection(ExtensibilityGlobals) = postSolution
		SolutionGuid = {41091A56-C452-457D-84CA-D1A1B203150F}
	EndGlobalSection
EndGlobal
